
Microsoft Visual Studio Solution File, Format Version 12.00
# Visual Studio Version 17
Project("{8BC9CEB8-8B4A-11D0-8D11-00A0C91BC942}") = "ALL_BUILD", "ALL_BUILD.vcxproj", "{4BFA296C-628E-330F-8B86-978C1B2AEACA}"
	ProjectSection(ProjectDependencies) = postProject
		{26B535F8-F04C-3B76-B9B1-B4A90CA986D4} = {26B535F8-F04C-3B76-B9B1-B4A90CA986D4}
		{611EBF3B-7FEF-31EB-9252-B2B08E8B766C} = {611EBF3B-7FEF-31EB-9252-B2B08E8B766C}
		{141B553C-0FE3-373A-9301-6849B3BDCF14} = {141B553C-0FE3-373A-9301-6849B3BDCF14}
		{FB33F211-19E2-33E4-A3E4-80C1A4807C95} = {FB33F211-19E2-33E4-A3E4-80C1A4807C95}
		{A766AE20-E757-36C7-8074-447C2B638AE5} = {A766AE20-E757-36C7-8074-447C2B638AE5}
	EndProjectSection
EndProject
Project("{8BC9CEB8-8B4A-11D0-8D11-00A0C91BC942}") = "Continuous", "Continuous.vcxproj", "{B09F8B20-EC21-3A48-AB02-977579333CF4}"
	ProjectSection(ProjectDependencies) = postProject
		{A766AE20-E757-36C7-8074-447C2B638AE5} = {A766AE20-E757-36C7-8074-447C2B638AE5}
	EndProjectSection
EndProject
Project("{8BC9CEB8-8B4A-11D0-8D11-00A0C91BC942}") = "Experimental", "Experimental.vcxproj", "{823DE135-CC06-3923-B2A8-B1F722A2EABB}"
	ProjectSection(ProjectDependencies) = postProject
		{A766AE20-E757-36C7-8074-447C2B638AE5} = {A766AE20-E757-36C7-8074-447C2B638AE5}
	EndProjectSection
EndProject
Project("{8BC9CEB8-8B4A-11D0-8D11-00A0C91BC942}") = "INSTALL", "INSTALL.vcxproj", "{3861A801-CE34-31E6-B594-9D8978A149B2}"
	ProjectSection(ProjectDependencies) = postProject
		{4BFA296C-628E-330F-8B86-978C1B2AEACA} = {4BFA296C-628E-330F-8B86-978C1B2AEACA}
		{A766AE20-E757-36C7-8074-447C2B638AE5} = {A766AE20-E757-36C7-8074-447C2B638AE5}
	EndProjectSection
EndProject
Project("{8BC9CEB8-8B4A-11D0-8D11-00A0C91BC942}") = "MakeTable", "MathFunctions\MakeTable.vcxproj", "{26B535F8-F04C-3B76-B9B1-B4A90CA986D4}"
	ProjectSection(ProjectDependencies) = postProject
		{A766AE20-E757-36C7-8074-447C2B638AE5} = {A766AE20-E757-36C7-8074-447C2B638AE5}
	EndProjectSection
EndProject
Project("{8BC9CEB8-8B4A-11D0-8D11-00A0C91BC942}") = "MathFunctions", "MathFunctions\MathFunctions.vcxproj", "{611EBF3B-7FEF-31EB-9252-B2B08E8B766C}"
	ProjectSection(ProjectDependencies) = postProject
		{141B553C-0FE3-373A-9301-6849B3BDCF14} = {141B553C-0FE3-373A-9301-6849B3BDCF14}
		{A766AE20-E757-36C7-8074-447C2B638AE5} = {A766AE20-E757-36C7-8074-447C2B638AE5}
	EndProjectSection
EndProject
Project("{8BC9CEB8-8B4A-11D0-8D11-00A0C91BC942}") = "Nightly", "Nightly.vcxproj", "{232092C7-4B65-3B31-8F94-D7DBD8A2D4B8}"
	ProjectSection(ProjectDependencies) = postProject
		{A766AE20-E757-36C7-8074-447C2B638AE5} = {A766AE20-E757-36C7-8074-447C2B638AE5}
	EndProjectSection
EndProject
Project("{8BC9CEB8-8B4A-11D0-8D11-00A0C91BC942}") = "NightlyMemoryCheck", "NightlyMemoryCheck.vcxproj", "{753B9078-6133-3F85-8669-34C2D5CD77AA}"
	ProjectSection(ProjectDependencies) = postProject
		{A766AE20-E757-36C7-8074-447C2B638AE5} = {A766AE20-E757-36C7-8074-447C2B638AE5}
	EndProjectSection
EndProject
Project("{8BC9CEB8-8B4A-11D0-8D11-00A0C91BC942}") = "PACKAGE", "PACKAGE.vcxproj", "{2A7B21CE-FB3B-394D-86C3-18B00C651349}"
	ProjectSection(ProjectDependencies) = postProject
		{4BFA296C-628E-330F-8B86-978C1B2AEACA} = {4BFA296C-628E-330F-8B86-978C1B2AEACA}
		{A766AE20-E757-36C7-8074-447C2B638AE5} = {A766AE20-E757-36C7-8074-447C2B638AE5}
	EndProjectSection
EndProject
Project("{8BC9CEB8-8B4A-11D0-8D11-00A0C91BC942}") = "RUN_TESTS", "RUN_TESTS.vcxproj", "{C5F005E2-C37C-3EA5-928A-9F7FC5C3130B}"
	ProjectSection(ProjectDependencies) = postProject
		{A766AE20-E757-36C7-8074-447C2B638AE5} = {A766AE20-E757-36C7-8074-447C2B638AE5}
	EndProjectSection
EndProject
Project("{8BC9CEB8-8B4A-11D0-8D11-00A0C91BC942}") = "SqrtLibrary", "MathFunctions\SqrtLibrary.vcxproj", "{141B553C-0FE3-373A-9301-6849B3BDCF14}"
	ProjectSection(ProjectDependencies) = postProject
		{26B535F8-F04C-3B76-B9B1-B4A90CA986D4} = {26B535F8-F04C-3B76-B9B1-B4A90CA986D4}
		{A766AE20-E757-36C7-8074-447C2B638AE5} = {A766AE20-E757-36C7-8074-447C2B638AE5}
	EndProjectSection
EndProject
Project("{8BC9CEB8-8B4A-11D0-8D11-00A0C91BC942}") = "Tutorial", "Tutorial.vcxproj", "{FB33F211-19E2-33E4-A3E4-80C1A4807C95}"
	ProjectSection(ProjectDependencies) = postProject
		{611EBF3B-7FEF-31EB-9252-B2B08E8B766C} = {611EBF3B-7FEF-31EB-9252-B2B08E8B766C}
		{A766AE20-E757-36C7-8074-447C2B638AE5} = {A766AE20-E757-36C7-8074-447C2B638AE5}
	EndProjectSection
EndProject
Project("{8BC9CEB8-8B4A-11D0-8D11-00A0C91BC942}") = "ZERO_CHECK", "ZERO_CHECK.vcxproj", "{A766AE20-E757-36C7-8074-447C2B638AE5}"
	ProjectSection(ProjectDependencies) = postProject
	EndProjectSection
EndProject
Global
	GlobalSection(SolutionConfigurationPlatforms) = preSolution
		Debug|x64 = Debug|x64
		Release|x64 = Release|x64
		MinSizeRel|x64 = MinSizeRel|x64
		RelWithDebInfo|x64 = RelWithDebInfo|x64
	EndGlobalSection
	GlobalSection(ProjectConfigurationPlatforms) = postSolution
		{4BFA296C-628E-330F-8B86-978C1B2AEACA}.Debug|x64.ActiveCfg = Debug|x64
		{4BFA296C-628E-330F-8B86-978C1B2AEACA}.Debug|x64.Build.0 = Debug|x64
		{4BFA296C-628E-330F-8B86-978C1B2AEACA}.Release|x64.ActiveCfg = Release|x64
		{4BFA296C-628E-330F-8B86-978C1B2AEACA}.Release|x64.Build.0 = Release|x64
		{4BFA296C-628E-330F-8B86-978C1B2AEACA}.MinSizeRel|x64.ActiveCfg = MinSizeRel|x64
		{4BFA296C-628E-330F-8B86-978C1B2AEACA}.MinSizeRel|x64.Build.0 = MinSizeRel|x64
		{4BFA296C-628E-330F-8B86-978C1B2AEACA}.RelWithDebInfo|x64.ActiveCfg = RelWithDebInfo|x64
		{4BFA296C-628E-330F-8B86-978C1B2AEACA}.RelWithDebInfo|x64.Build.0 = RelWithDebInfo|x64
		{B09F8B20-EC21-3A48-AB02-977579333CF4}.Debug|x64.ActiveCfg = Debug|x64
		{B09F8B20-EC21-3A48-AB02-977579333CF4}.Release|x64.ActiveCfg = Release|x64
		{B09F8B20-EC21-3A48-AB02-977579333CF4}.MinSizeRel|x64.ActiveCfg = MinSizeRel|x64
		{B09F8B20-EC21-3A48-AB02-977579333CF4}.RelWithDebInfo|x64.ActiveCfg = RelWithDebInfo|x64
		{823DE135-CC06-3923-B2A8-B1F722A2EABB}.Debug|x64.ActiveCfg = Debug|x64
		{823DE135-CC06-3923-B2A8-B1F722A2EABB}.Release|x64.ActiveCfg = Release|x64
		{823DE135-CC06-3923-B2A8-B1F722A2EABB}.MinSizeRel|x64.ActiveCfg = MinSizeRel|x64
		{823DE135-CC06-3923-B2A8-B1F722A2EABB}.RelWithDebInfo|x64.ActiveCfg = RelWithDebInfo|x64
		{3861A801-CE34-31E6-B594-9D8978A149B2}.Debug|x64.ActiveCfg = Debug|x64
		{3861A801-CE34-31E6-B594-9D8978A149B2}.Release|x64.ActiveCfg = Release|x64
		{3861A801-CE34-31E6-B594-9D8978A149B2}.MinSizeRel|x64.ActiveCfg = MinSizeRel|x64
		{3861A801-CE34-31E6-B594-9D8978A149B2}.RelWithDebInfo|x64.ActiveCfg = RelWithDebInfo|x64
		{26B535F8-F04C-3B76-B9B1-B4A90CA986D4}.Debug|x64.ActiveCfg = Debug|x64
		{26B535F8-F04C-3B76-B9B1-B4A90CA986D4}.Debug|x64.Build.0 = Debug|x64
		{26B535F8-F04C-3B76-B9B1-B4A90CA986D4}.Release|x64.ActiveCfg = Release|x64
		{26B535F8-F04C-3B76-B9B1-B4A90CA986D4}.Release|x64.Build.0 = Release|x64
		{26B535F8-F04C-3B76-B9B1-B4A90CA986D4}.MinSizeRel|x64.ActiveCfg = MinSizeRel|x64
		{26B535F8-F04C-3B76-B9B1-B4A90CA986D4}.MinSizeRel|x64.Build.0 = MinSizeRel|x64
		{26B535F8-F04C-3B76-B9B1-B4A90CA986D4}.RelWithDebInfo|x64.ActiveCfg = RelWithDebInfo|x64
		{26B535F8-F04C-3B76-B9B1-B4A90CA986D4}.RelWithDebInfo|x64.Build.0 = RelWithDebInfo|x64
		{611EBF3B-7FEF-31EB-9252-B2B08E8B766C}.Debug|x64.ActiveCfg = Debug|x64
		{611EBF3B-7FEF-31EB-9252-B2B08E8B766C}.Debug|x64.Build.0 = Debug|x64
		{611EBF3B-7FEF-31EB-9252-B2B08E8B766C}.Release|x64.ActiveCfg = Release|x64
		{611EBF3B-7FEF-31EB-9252-B2B08E8B766C}.Release|x64.Build.0 = Release|x64
		{611EBF3B-7FEF-31EB-9252-B2B08E8B766C}.MinSizeRel|x64.ActiveCfg = MinSizeRel|x64
		{611EBF3B-7FEF-31EB-9252-B2B08E8B766C}.MinSizeRel|x64.Build.0 = MinSizeRel|x64
		{611EBF3B-7FEF-31EB-9252-B2B08E8B766C}.RelWithDebInfo|x64.ActiveCfg = RelWithDebInfo|x64
		{611EBF3B-7FEF-31EB-9252-B2B08E8B766C}.RelWithDebInfo|x64.Build.0 = RelWithDebInfo|x64
		{232092C7-4B65-3B31-8F94-D7DBD8A2D4B8}.Debug|x64.ActiveCfg = Debug|x64
		{232092C7-4B65-3B31-8F94-D7DBD8A2D4B8}.Release|x64.ActiveCfg = Release|x64
		{232092C7-4B65-3B31-8F94-D7DBD8A2D4B8}.MinSizeRel|x64.ActiveCfg = MinSizeRel|x64
		{232092C7-4B65-3B31-8F94-D7DBD8A2D4B8}.RelWithDebInfo|x64.ActiveCfg = RelWithDebInfo|x64
		{753B9078-6133-3F85-8669-34C2D5CD77AA}.Debug|x64.ActiveCfg = Debug|x64
		{753B9078-6133-3F85-8669-34C2D5CD77AA}.Release|x64.ActiveCfg = Release|x64
		{753B9078-6133-3F85-8669-34C2D5CD77AA}.MinSizeRel|x64.ActiveCfg = MinSizeRel|x64
		{753B9078-6133-3F85-8669-34C2D5CD77AA}.RelWithDebInfo|x64.ActiveCfg = RelWithDebInfo|x64
		{2A7B21CE-FB3B-394D-86C3-18B00C651349}.Debug|x64.ActiveCfg = Debug|x64
		{2A7B21CE-FB3B-394D-86C3-18B00C651349}.Release|x64.ActiveCfg = Release|x64
		{2A7B21CE-FB3B-394D-86C3-18B00C651349}.MinSizeRel|x64.ActiveCfg = MinSizeRel|x64
		{2A7B21CE-FB3B-394D-86C3-18B00C651349}.RelWithDebInfo|x64.ActiveCfg = RelWithDebInfo|x64
		{C5F005E2-C37C-3EA5-928A-9F7FC5C3130B}.Debug|x64.ActiveCfg = Debug|x64
		{C5F005E2-C37C-3EA5-928A-9F7FC5C3130B}.Release|x64.ActiveCfg = Release|x64
		{C5F005E2-C37C-3EA5-928A-9F7FC5C3130B}.MinSizeRel|x64.ActiveCfg = MinSizeRel|x64
		{C5F005E2-C37C-3EA5-928A-9F7FC5C3130B}.RelWithDebInfo|x64.ActiveCfg = RelWithDebInfo|x64
		{141B553C-0FE3-373A-9301-6849B3BDCF14}.Debug|x64.ActiveCfg = Debug|x64
		{141B553C-0FE3-373A-9301-6849B3BDCF14}.Debug|x64.Build.0 = Debug|x64
		{141B553C-0FE3-373A-9301-6849B3BDCF14}.Release|x64.ActiveCfg = Release|x64
		{141B553C-0FE3-373A-9301-6849B3BDCF14}.Release|x64.Build.0 = Release|x64
		{141B553C-0FE3-373A-9301-6849B3BDCF14}.MinSizeRel|x64.ActiveCfg = MinSizeRel|x64
		{141B553C-0FE3-373A-9301-6849B3BDCF14}.MinSizeRel|x64.Build.0 = MinSizeRel|x64
		{141B553C-0FE3-373A-9301-6849B3BDCF14}.RelWithDebInfo|x64.ActiveCfg = RelWithDebInfo|x64
		{141B553C-0FE3-373A-9301-6849B3BDCF14}.RelWithDebInfo|x64.Build.0 = RelWithDebInfo|x64
		{FB33F211-19E2-33E4-A3E4-80C1A4807C95}.Debug|x64.ActiveCfg = Debug|x64
		{FB33F211-19E2-33E4-A3E4-80C1A4807C95}.Debug|x64.Build.0 = Debug|x64
		{FB33F211-19E2-33E4-A3E4-80C1A4807C95}.Release|x64.ActiveCfg = Release|x64
		{FB33F211-19E2-33E4-A3E4-80C1A4807C95}.Release|x64.Build.0 = Release|x64
		{FB33F211-19E2-33E4-A3E4-80C1A4807C95}.MinSizeRel|x64.ActiveCfg = MinSizeRel|x64
		{FB33F211-19E2-33E4-A3E4-80C1A4807C95}.MinSizeRel|x64.Build.0 = MinSizeRel|x64
		{FB33F211-19E2-33E4-A3E4-80C1A4807C95}.RelWithDebInfo|x64.ActiveCfg = RelWithDebInfo|x64
		{FB33F211-19E2-33E4-A3E4-80C1A4807C95}.RelWithDebInfo|x64.Build.0 = RelWithDebInfo|x64
		{A766AE20-E757-36C7-8074-447C2B638AE5}.Debug|x64.ActiveCfg = Debug|x64
		{A766AE20-E757-36C7-8074-447C2B638AE5}.Debug|x64.Build.0 = Debug|x64
		{A766AE20-E757-36C7-8074-447C2B638AE5}.Release|x64.ActiveCfg = Release|x64
		{A766AE20-E757-36C7-8074-447C2B638AE5}.Release|x64.Build.0 = Release|x64
		{A766AE20-E757-36C7-8074-447C2B638AE5}.MinSizeRel|x64.ActiveCfg = MinSizeRel|x64
		{A766AE20-E757-36C7-8074-447C2B638AE5}.MinSizeRel|x64.Build.0 = MinSizeRel|x64
		{A766AE20-E757-36C7-8074-447C2B638AE5}.RelWithDebInfo|x64.ActiveCfg = RelWithDebInfo|x64
		{A766AE20-E757-36C7-8074-447C2B638AE5}.RelWithDebInfo|x64.Build.0 = RelWithDebInfo|x64
	EndGlobalSection
	GlobalSection(ExtensibilityGlobals) = postSolution
		SolutionGuid = {203ED7A6-DE96-3824-94F1-2A5FFB33F9C5}
	EndGlobalSection
	GlobalSection(ExtensibilityAddIns) = postSolution
	EndGlobalSection
EndGlobal
