<?xml version="1.0" encoding="utf-8"?>
<Project ToolsVersion="17.0" xmlns="http://schemas.microsoft.com/developer/msbuild/2003">
  <ItemGroup>
    <ClCompile Include="E:\jetBrains\Project\C++\cmaketutorial\tutorialrun\MathFunctions\MathFunctions.cpp">
      <Filter>Source Files</Filter>
    </ClCompile>
  </ItemGroup>
  <ItemGroup>
    <CustomBuild Include="E:\jetBrains\Project\C++\cmaketutorial\tutorialrun\MathFunctions\CMakeLists.txt" />
  </ItemGroup>
  <ItemGroup>
    <Filter Include="Source Files">
      <UniqueIdentifier>{00951BA5-76A6-3127-9A7B-BC14A9EE0105}</UniqueIdentifier>
    </Filter>
  </ItemGroup>
</Project>
