
Microsoft Visual Studio Solution File, Format Version 12.00
# Visual Studio Version 17
Project("{8BC9CEB8-8B4A-11D0-8D11-00A0C91BC942}") = "ALL_BUILD", "ALL_BUILD.vcxproj", "{F651CC56-8AF4-3B33-9647-5F3E7D01612D}"
	ProjectSection(ProjectDependencies) = postProject
		{E17DAC30-B8CD-35AF-A22C-EC232C4F021B} = {E17DAC30-B8CD-35AF-A22C-EC232C4F021B}
		{84887F56-CBE1-345D-8AB3-8755C0B9C023} = {84887F56-CBE1-345D-8AB3-8755C0B9C023}
		{1B1AD051-8D34-3437-8AFF-E4FDDB8E7394} = {1B1AD051-8D34-3437-8AFF-E4FDDB8E7394}
		{E2E2BBDF-EC2E-3E73-8B87-A1A71CBC0B76} = {E2E2BBDF-EC2E-3E73-8B87-A1A71CBC0B76}
		{84D6D7A4-CF89-319C-A400-DCC8EF6A812F} = {84D6D7A4-CF89-319C-A400-DCC8EF6A812F}
	EndProjectSection
EndProject
Project("{8BC9CEB8-8B4A-11D0-8D11-00A0C91BC942}") = "Continuous", "Continuous.vcxproj", "{A31D0FDC-7D6B-3671-A6B2-7949845AA59E}"
	ProjectSection(ProjectDependencies) = postProject
		{84D6D7A4-CF89-319C-A400-DCC8EF6A812F} = {84D6D7A4-CF89-319C-A400-DCC8EF6A812F}
	EndProjectSection
EndProject
Project("{8BC9CEB8-8B4A-11D0-8D11-00A0C91BC942}") = "Experimental", "Experimental.vcxproj", "{61451354-B4BD-3898-BA79-EC15D53DD6A3}"
	ProjectSection(ProjectDependencies) = postProject
		{84D6D7A4-CF89-319C-A400-DCC8EF6A812F} = {84D6D7A4-CF89-319C-A400-DCC8EF6A812F}
	EndProjectSection
EndProject
Project("{8BC9CEB8-8B4A-11D0-8D11-00A0C91BC942}") = "INSTALL", "INSTALL.vcxproj", "{4DB38B39-8161-3FD6-A1B0-C1F20B274316}"
	ProjectSection(ProjectDependencies) = postProject
		{F651CC56-8AF4-3B33-9647-5F3E7D01612D} = {F651CC56-8AF4-3B33-9647-5F3E7D01612D}
		{84D6D7A4-CF89-319C-A400-DCC8EF6A812F} = {84D6D7A4-CF89-319C-A400-DCC8EF6A812F}
	EndProjectSection
EndProject
Project("{8BC9CEB8-8B4A-11D0-8D11-00A0C91BC942}") = "MakeTable", "MathFunctions\MakeTable.vcxproj", "{E17DAC30-B8CD-35AF-A22C-EC232C4F021B}"
	ProjectSection(ProjectDependencies) = postProject
		{84D6D7A4-CF89-319C-A400-DCC8EF6A812F} = {84D6D7A4-CF89-319C-A400-DCC8EF6A812F}
	EndProjectSection
EndProject
Project("{8BC9CEB8-8B4A-11D0-8D11-00A0C91BC942}") = "MathFunctions", "MathFunctions\MathFunctions.vcxproj", "{84887F56-CBE1-345D-8AB3-8755C0B9C023}"
	ProjectSection(ProjectDependencies) = postProject
		{1B1AD051-8D34-3437-8AFF-E4FDDB8E7394} = {1B1AD051-8D34-3437-8AFF-E4FDDB8E7394}
		{84D6D7A4-CF89-319C-A400-DCC8EF6A812F} = {84D6D7A4-CF89-319C-A400-DCC8EF6A812F}
	EndProjectSection
EndProject
Project("{8BC9CEB8-8B4A-11D0-8D11-00A0C91BC942}") = "Nightly", "Nightly.vcxproj", "{82BFEF03-C2A5-3E0C-BC1B-9528516E9D30}"
	ProjectSection(ProjectDependencies) = postProject
		{84D6D7A4-CF89-319C-A400-DCC8EF6A812F} = {84D6D7A4-CF89-319C-A400-DCC8EF6A812F}
	EndProjectSection
EndProject
Project("{8BC9CEB8-8B4A-11D0-8D11-00A0C91BC942}") = "NightlyMemoryCheck", "NightlyMemoryCheck.vcxproj", "{76C06255-1AAE-3215-B92B-F9A58D8973A3}"
	ProjectSection(ProjectDependencies) = postProject
		{84D6D7A4-CF89-319C-A400-DCC8EF6A812F} = {84D6D7A4-CF89-319C-A400-DCC8EF6A812F}
	EndProjectSection
EndProject
Project("{8BC9CEB8-8B4A-11D0-8D11-00A0C91BC942}") = "PACKAGE", "PACKAGE.vcxproj", "{9223A481-8FBA-331E-9FAC-70673F4718E6}"
	ProjectSection(ProjectDependencies) = postProject
		{F651CC56-8AF4-3B33-9647-5F3E7D01612D} = {F651CC56-8AF4-3B33-9647-5F3E7D01612D}
		{84D6D7A4-CF89-319C-A400-DCC8EF6A812F} = {84D6D7A4-CF89-319C-A400-DCC8EF6A812F}
	EndProjectSection
EndProject
Project("{8BC9CEB8-8B4A-11D0-8D11-00A0C91BC942}") = "RUN_TESTS", "RUN_TESTS.vcxproj", "{399B9BDD-027C-3832-8859-9A5E5830CFEC}"
	ProjectSection(ProjectDependencies) = postProject
		{84D6D7A4-CF89-319C-A400-DCC8EF6A812F} = {84D6D7A4-CF89-319C-A400-DCC8EF6A812F}
	EndProjectSection
EndProject
Project("{8BC9CEB8-8B4A-11D0-8D11-00A0C91BC942}") = "SqrtLibrary", "MathFunctions\SqrtLibrary.vcxproj", "{1B1AD051-8D34-3437-8AFF-E4FDDB8E7394}"
	ProjectSection(ProjectDependencies) = postProject
		{E17DAC30-B8CD-35AF-A22C-EC232C4F021B} = {E17DAC30-B8CD-35AF-A22C-EC232C4F021B}
		{84D6D7A4-CF89-319C-A400-DCC8EF6A812F} = {84D6D7A4-CF89-319C-A400-DCC8EF6A812F}
	EndProjectSection
EndProject
Project("{8BC9CEB8-8B4A-11D0-8D11-00A0C91BC942}") = "Tutorial", "Tutorial.vcxproj", "{E2E2BBDF-EC2E-3E73-8B87-A1A71CBC0B76}"
	ProjectSection(ProjectDependencies) = postProject
		{84887F56-CBE1-345D-8AB3-8755C0B9C023} = {84887F56-CBE1-345D-8AB3-8755C0B9C023}
		{84D6D7A4-CF89-319C-A400-DCC8EF6A812F} = {84D6D7A4-CF89-319C-A400-DCC8EF6A812F}
	EndProjectSection
EndProject
Project("{8BC9CEB8-8B4A-11D0-8D11-00A0C91BC942}") = "ZERO_CHECK", "ZERO_CHECK.vcxproj", "{84D6D7A4-CF89-319C-A400-DCC8EF6A812F}"
	ProjectSection(ProjectDependencies) = postProject
	EndProjectSection
EndProject
Global
	GlobalSection(SolutionConfigurationPlatforms) = preSolution
		Debug|x64 = Debug|x64
		Release|x64 = Release|x64
		MinSizeRel|x64 = MinSizeRel|x64
		RelWithDebInfo|x64 = RelWithDebInfo|x64
	EndGlobalSection
	GlobalSection(ProjectConfigurationPlatforms) = postSolution
		{F651CC56-8AF4-3B33-9647-5F3E7D01612D}.Debug|x64.ActiveCfg = Debug|x64
		{F651CC56-8AF4-3B33-9647-5F3E7D01612D}.Debug|x64.Build.0 = Debug|x64
		{F651CC56-8AF4-3B33-9647-5F3E7D01612D}.Release|x64.ActiveCfg = Release|x64
		{F651CC56-8AF4-3B33-9647-5F3E7D01612D}.Release|x64.Build.0 = Release|x64
		{F651CC56-8AF4-3B33-9647-5F3E7D01612D}.MinSizeRel|x64.ActiveCfg = MinSizeRel|x64
		{F651CC56-8AF4-3B33-9647-5F3E7D01612D}.MinSizeRel|x64.Build.0 = MinSizeRel|x64
		{F651CC56-8AF4-3B33-9647-5F3E7D01612D}.RelWithDebInfo|x64.ActiveCfg = RelWithDebInfo|x64
		{F651CC56-8AF4-3B33-9647-5F3E7D01612D}.RelWithDebInfo|x64.Build.0 = RelWithDebInfo|x64
		{A31D0FDC-7D6B-3671-A6B2-7949845AA59E}.Debug|x64.ActiveCfg = Debug|x64
		{A31D0FDC-7D6B-3671-A6B2-7949845AA59E}.Release|x64.ActiveCfg = Release|x64
		{A31D0FDC-7D6B-3671-A6B2-7949845AA59E}.MinSizeRel|x64.ActiveCfg = MinSizeRel|x64
		{A31D0FDC-7D6B-3671-A6B2-7949845AA59E}.RelWithDebInfo|x64.ActiveCfg = RelWithDebInfo|x64
		{61451354-B4BD-3898-BA79-EC15D53DD6A3}.Debug|x64.ActiveCfg = Debug|x64
		{61451354-B4BD-3898-BA79-EC15D53DD6A3}.Release|x64.ActiveCfg = Release|x64
		{61451354-B4BD-3898-BA79-EC15D53DD6A3}.MinSizeRel|x64.ActiveCfg = MinSizeRel|x64
		{61451354-B4BD-3898-BA79-EC15D53DD6A3}.RelWithDebInfo|x64.ActiveCfg = RelWithDebInfo|x64
		{4DB38B39-8161-3FD6-A1B0-C1F20B274316}.Debug|x64.ActiveCfg = Debug|x64
		{4DB38B39-8161-3FD6-A1B0-C1F20B274316}.Release|x64.ActiveCfg = Release|x64
		{4DB38B39-8161-3FD6-A1B0-C1F20B274316}.MinSizeRel|x64.ActiveCfg = MinSizeRel|x64
		{4DB38B39-8161-3FD6-A1B0-C1F20B274316}.RelWithDebInfo|x64.ActiveCfg = RelWithDebInfo|x64
		{E17DAC30-B8CD-35AF-A22C-EC232C4F021B}.Debug|x64.ActiveCfg = Debug|x64
		{E17DAC30-B8CD-35AF-A22C-EC232C4F021B}.Debug|x64.Build.0 = Debug|x64
		{E17DAC30-B8CD-35AF-A22C-EC232C4F021B}.Release|x64.ActiveCfg = Release|x64
		{E17DAC30-B8CD-35AF-A22C-EC232C4F021B}.Release|x64.Build.0 = Release|x64
		{E17DAC30-B8CD-35AF-A22C-EC232C4F021B}.MinSizeRel|x64.ActiveCfg = MinSizeRel|x64
		{E17DAC30-B8CD-35AF-A22C-EC232C4F021B}.MinSizeRel|x64.Build.0 = MinSizeRel|x64
		{E17DAC30-B8CD-35AF-A22C-EC232C4F021B}.RelWithDebInfo|x64.ActiveCfg = RelWithDebInfo|x64
		{E17DAC30-B8CD-35AF-A22C-EC232C4F021B}.RelWithDebInfo|x64.Build.0 = RelWithDebInfo|x64
		{84887F56-CBE1-345D-8AB3-8755C0B9C023}.Debug|x64.ActiveCfg = Debug|x64
		{84887F56-CBE1-345D-8AB3-8755C0B9C023}.Debug|x64.Build.0 = Debug|x64
		{84887F56-CBE1-345D-8AB3-8755C0B9C023}.Release|x64.ActiveCfg = Release|x64
		{84887F56-CBE1-345D-8AB3-8755C0B9C023}.Release|x64.Build.0 = Release|x64
		{84887F56-CBE1-345D-8AB3-8755C0B9C023}.MinSizeRel|x64.ActiveCfg = MinSizeRel|x64
		{84887F56-CBE1-345D-8AB3-8755C0B9C023}.MinSizeRel|x64.Build.0 = MinSizeRel|x64
		{84887F56-CBE1-345D-8AB3-8755C0B9C023}.RelWithDebInfo|x64.ActiveCfg = RelWithDebInfo|x64
		{84887F56-CBE1-345D-8AB3-8755C0B9C023}.RelWithDebInfo|x64.Build.0 = RelWithDebInfo|x64
		{82BFEF03-C2A5-3E0C-BC1B-9528516E9D30}.Debug|x64.ActiveCfg = Debug|x64
		{82BFEF03-C2A5-3E0C-BC1B-9528516E9D30}.Release|x64.ActiveCfg = Release|x64
		{82BFEF03-C2A5-3E0C-BC1B-9528516E9D30}.MinSizeRel|x64.ActiveCfg = MinSizeRel|x64
		{82BFEF03-C2A5-3E0C-BC1B-9528516E9D30}.RelWithDebInfo|x64.ActiveCfg = RelWithDebInfo|x64
		{76C06255-1AAE-3215-B92B-F9A58D8973A3}.Debug|x64.ActiveCfg = Debug|x64
		{76C06255-1AAE-3215-B92B-F9A58D8973A3}.Release|x64.ActiveCfg = Release|x64
		{76C06255-1AAE-3215-B92B-F9A58D8973A3}.MinSizeRel|x64.ActiveCfg = MinSizeRel|x64
		{76C06255-1AAE-3215-B92B-F9A58D8973A3}.RelWithDebInfo|x64.ActiveCfg = RelWithDebInfo|x64
		{9223A481-8FBA-331E-9FAC-70673F4718E6}.Debug|x64.ActiveCfg = Debug|x64
		{9223A481-8FBA-331E-9FAC-70673F4718E6}.Release|x64.ActiveCfg = Release|x64
		{9223A481-8FBA-331E-9FAC-70673F4718E6}.MinSizeRel|x64.ActiveCfg = MinSizeRel|x64
		{9223A481-8FBA-331E-9FAC-70673F4718E6}.RelWithDebInfo|x64.ActiveCfg = RelWithDebInfo|x64
		{399B9BDD-027C-3832-8859-9A5E5830CFEC}.Debug|x64.ActiveCfg = Debug|x64
		{399B9BDD-027C-3832-8859-9A5E5830CFEC}.Release|x64.ActiveCfg = Release|x64
		{399B9BDD-027C-3832-8859-9A5E5830CFEC}.MinSizeRel|x64.ActiveCfg = MinSizeRel|x64
		{399B9BDD-027C-3832-8859-9A5E5830CFEC}.RelWithDebInfo|x64.ActiveCfg = RelWithDebInfo|x64
		{1B1AD051-8D34-3437-8AFF-E4FDDB8E7394}.Debug|x64.ActiveCfg = Debug|x64
		{1B1AD051-8D34-3437-8AFF-E4FDDB8E7394}.Debug|x64.Build.0 = Debug|x64
		{1B1AD051-8D34-3437-8AFF-E4FDDB8E7394}.Release|x64.ActiveCfg = Release|x64
		{1B1AD051-8D34-3437-8AFF-E4FDDB8E7394}.Release|x64.Build.0 = Release|x64
		{1B1AD051-8D34-3437-8AFF-E4FDDB8E7394}.MinSizeRel|x64.ActiveCfg = MinSizeRel|x64
		{1B1AD051-8D34-3437-8AFF-E4FDDB8E7394}.MinSizeRel|x64.Build.0 = MinSizeRel|x64
		{1B1AD051-8D34-3437-8AFF-E4FDDB8E7394}.RelWithDebInfo|x64.ActiveCfg = RelWithDebInfo|x64
		{1B1AD051-8D34-3437-8AFF-E4FDDB8E7394}.RelWithDebInfo|x64.Build.0 = RelWithDebInfo|x64
		{E2E2BBDF-EC2E-3E73-8B87-A1A71CBC0B76}.Debug|x64.ActiveCfg = Debug|x64
		{E2E2BBDF-EC2E-3E73-8B87-A1A71CBC0B76}.Debug|x64.Build.0 = Debug|x64
		{E2E2BBDF-EC2E-3E73-8B87-A1A71CBC0B76}.Release|x64.ActiveCfg = Release|x64
		{E2E2BBDF-EC2E-3E73-8B87-A1A71CBC0B76}.Release|x64.Build.0 = Release|x64
		{E2E2BBDF-EC2E-3E73-8B87-A1A71CBC0B76}.MinSizeRel|x64.ActiveCfg = MinSizeRel|x64
		{E2E2BBDF-EC2E-3E73-8B87-A1A71CBC0B76}.MinSizeRel|x64.Build.0 = MinSizeRel|x64
		{E2E2BBDF-EC2E-3E73-8B87-A1A71CBC0B76}.RelWithDebInfo|x64.ActiveCfg = RelWithDebInfo|x64
		{E2E2BBDF-EC2E-3E73-8B87-A1A71CBC0B76}.RelWithDebInfo|x64.Build.0 = RelWithDebInfo|x64
		{84D6D7A4-CF89-319C-A400-DCC8EF6A812F}.Debug|x64.ActiveCfg = Debug|x64
		{84D6D7A4-CF89-319C-A400-DCC8EF6A812F}.Debug|x64.Build.0 = Debug|x64
		{84D6D7A4-CF89-319C-A400-DCC8EF6A812F}.Release|x64.ActiveCfg = Release|x64
		{84D6D7A4-CF89-319C-A400-DCC8EF6A812F}.Release|x64.Build.0 = Release|x64
		{84D6D7A4-CF89-319C-A400-DCC8EF6A812F}.MinSizeRel|x64.ActiveCfg = MinSizeRel|x64
		{84D6D7A4-CF89-319C-A400-DCC8EF6A812F}.MinSizeRel|x64.Build.0 = MinSizeRel|x64
		{84D6D7A4-CF89-319C-A400-DCC8EF6A812F}.RelWithDebInfo|x64.ActiveCfg = RelWithDebInfo|x64
		{84D6D7A4-CF89-319C-A400-DCC8EF6A812F}.RelWithDebInfo|x64.Build.0 = RelWithDebInfo|x64
	EndGlobalSection
	GlobalSection(ExtensibilityGlobals) = postSolution
		SolutionGuid = {41608D7E-225C-3FA1-B462-C269CF3044A6}
	EndGlobalSection
	GlobalSection(ExtensibilityAddIns) = postSolution
	EndGlobalSection
EndGlobal
